
Microsoft Visual Studio Solution File, Format Version 12.00
# Visual Studio 15
VisualStudioVersion = 15.0.28307.539
MinimumVisualStudioVersion = 10.0.40219.1
Project("{FAE04EC0-301F-11D3-BF4B-00C04F79EFBC}") = "testWPF", "testWPF\testWPF.csproj", "{F15922FA-D474-4375-8966-04841F9A78A1}"
EndProject
Global
	GlobalSection(SolutionConfigurationPlatforms) = preSolution
		Debug|Any CPU = Debug|Any CPU
		Release|Any CPU = Release|Any CPU
	EndGlobalSection
	GlobalSection(ProjectConfigurationPlatforms) = postSolution
		{F15922FA-D474-4375-8966-04841F9A78A1}.Debug|Any CPU.ActiveCfg = Debug|Any CPU
		{F15922FA-D474-4375-8966-04841F9A78A1}.Debug|Any CPU.Build.0 = Debug|Any CPU
		{F15922FA-D474-4375-8966-04841F9A78A1}.Release|Any CPU.ActiveCfg = Release|Any CPU
		{F15922FA-D474-4375-8966-04841F9A78A1}.Release|Any CPU.Build.0 = Release|Any CPU
	EndGlobalSection
	GlobalSection(SolutionProperties) = preSolution
		HideSolutionNode = FALSE
	EndGlobalSection
	GlobalSection(ExtensibilityGlobals) = postSolution
		SolutionGuid = {A1F200F4-BBC7-453D-8900-34CC486D4257}
	EndGlobalSection
EndGlobal
